{
  "name": "memory-game",
  "lockfileVersion": 3,
  "requires": true,
  "packages": {
    "": {
      "dependencies": {
        "jquery": "^3.6.1"
      },
      "devDependencies": {
        "flow-bin": "^0.193.0"
      }
    },
    "node_modules/flow-bin": {
      "version": "0.193.0",
      "resolved": "https://registry.npmjs.org/flow-bin/-/flow-bin-0.193.0.tgz",
      "integrity": "sha512-DREsJfNcU94P3rfh8TrydflQTKI5u8INzqCzi/R7iG2fBo+QKiEdNiv9NRlt4cRmOEsVvQ+5ed2U+u/68M8a6Q==",
      "dev": true,
      "bin": {
        "flow": "cli.js"
      },
      "engines": {
        "node": ">=0.10.0"
      }
    },
    "node_modules/jquery": {
      "version": "3.6.1",
      "resolved": "https://registry.npmjs.org/jquery/-/jquery-3.6.1.tgz",
      "integrity": "sha512-opJeO4nCucVnsjiXOE+/PcCgYw9Gwpvs/a6B1LL/lQhwWwpbVEVYDZ1FokFr8PRc7ghYlrFPuyHuiiDNTQxmcw==",
      "license": "MIT"
    }
  }
}
